// !$*UTF8*$!
{
	archiveVersion = 1;
	classes = {
	};
	objectVersion = 56;
	objects = {

/* Begin PBXBuildFile section */
		2A2E309A2938B78600920021 /* Category in Frameworks */ = {isa = PBXBuildFile; productRef = 2A2E30992938B78600920021 /* Category */; };
		2A2E309C2938B78600920021 /* Core in Frameworks */ = {isa = PBXBuildFile; productRef = 2A2E309B2938B78600920021 /* Core */; };
		2A7FBE9B29388217007CD8AE /* Realm in Frameworks */ = {isa = PBXBuildFile; productRef = 2A7FBE9A29388217007CD8AE /* Realm */; };
		2A7FBE9D29388217007CD8AE /* RealmSwift in Frameworks */ = {isa = PBXBuildFile; productRef = 2A7FBE9C29388217007CD8AE /* RealmSwift */; };
		2A7FBEA22938A58A007CD8AE /* CustomeError+Ext.swift in Sources */ = {isa = PBXBuildFile; fileRef = 2A7FBEA12938A58A007CD8AE /* CustomeError+Ext.swift */; };
		2A91C76E2935DB11005A9155 /* MealEntity.swift in Sources */ = {isa = PBXBuildFile; fileRef = 2A91C76D2935DB11005A9155 /* MealEntity.swift */; };
		2A91C7702935DB1D005A9155 /* IngredientEntity.swift in Sources */ = {isa = PBXBuildFile; fileRef = 2A91C76F2935DB1D005A9155 /* IngredientEntity.swift */; };
		2A91C7722935DB41005A9155 /* MealsResponse.swift in Sources */ = {isa = PBXBuildFile; fileRef = 2A91C7712935DB41005A9155 /* MealsResponse.swift */; };
		2A91C7742935DC3E005A9155 /* MealModel.swift in Sources */ = {isa = PBXBuildFile; fileRef = 2A91C7732935DC3E005A9155 /* MealModel.swift */; };
		2A91C7762935DC57005A9155 /* IngredientModel.swift in Sources */ = {isa = PBXBuildFile; fileRef = 2A91C7752935DC57005A9155 /* IngredientModel.swift */; };
		2A91C7782935DC8A005A9155 /* FavoriteInteractor.swift in Sources */ = {isa = PBXBuildFile; fileRef = 2A91C7772935DC8A005A9155 /* FavoriteInteractor.swift */; };
		2A91C77A2935DC9F005A9155 /* MealInteractor.swift in Sources */ = {isa = PBXBuildFile; fileRef = 2A91C7792935DC9F005A9155 /* MealInteractor.swift */; };
		2A91C77C2935DCB6005A9155 /* SearchInteractor.swift in Sources */ = {isa = PBXBuildFile; fileRef = 2A91C77B2935DCB6005A9155 /* SearchInteractor.swift */; };
		2A91C77E2935DCFA005A9155 /* MealMapper.swift in Sources */ = {isa = PBXBuildFile; fileRef = 2A91C77D2935DCFA005A9155 /* MealMapper.swift */; };
		2A91C7802935DD18005A9155 /* IngredientMapper.swift in Sources */ = {isa = PBXBuildFile; fileRef = 2A91C77F2935DD18005A9155 /* IngredientMapper.swift */; };
		2A91C7882935DD8B005A9155 /* FavoritePresenter.swift in Sources */ = {isa = PBXBuildFile; fileRef = 2A91C7872935DD8B005A9155 /* FavoritePresenter.swift */; };
		2A91C78A2935DDA3005A9155 /* FavoriteRouter.swift in Sources */ = {isa = PBXBuildFile; fileRef = 2A91C7892935DDA3005A9155 /* FavoriteRouter.swift */; };
		2A91C78C2935DDC0005A9155 /* FavoriteView.swift in Sources */ = {isa = PBXBuildFile; fileRef = 2A91C78B2935DDC0005A9155 /* FavoriteView.swift */; };
		2A91C78E2935DDDB005A9155 /* FavoriteRow.swift in Sources */ = {isa = PBXBuildFile; fileRef = 2A91C78D2935DDDB005A9155 /* FavoriteRow.swift */; };
		2A91C7912935DE32005A9155 /* CustomEmptyView.swift in Sources */ = {isa = PBXBuildFile; fileRef = 2A91C7902935DE32005A9155 /* CustomEmptyView.swift */; };
		2A91C7952935DEDB005A9155 /* MealPresenter.swift in Sources */ = {isa = PBXBuildFile; fileRef = 2A91C7942935DEDB005A9155 /* MealPresenter.swift */; };
		2A91C7972935DEF3005A9155 /* MealView.swift in Sources */ = {isa = PBXBuildFile; fileRef = 2A91C7962935DEF3005A9155 /* MealView.swift */; };
		2A91C7992935DF79005A9155 /* CustomIcon.swift in Sources */ = {isa = PBXBuildFile; fileRef = 2A91C7982935DF79005A9155 /* CustomIcon.swift */; };
		2A91C79B2935E052005A9155 /* MealRow.swift in Sources */ = {isa = PBXBuildFile; fileRef = 2A91C79A2935E052005A9155 /* MealRow.swift */; };
		2A91C79E2935E061005A9155 /* DetailRouter.swift in Sources */ = {isa = PBXBuildFile; fileRef = 2A91C79D2935E061005A9155 /* DetailRouter.swift */; };
		2A91C7A42935E251005A9155 /* SearchView.swift in Sources */ = {isa = PBXBuildFile; fileRef = 2A91C7A32935E251005A9155 /* SearchView.swift */; };
		2A91C7A62935E274005A9155 /* SearchRow.swift in Sources */ = {isa = PBXBuildFile; fileRef = 2A91C7A52935E274005A9155 /* SearchRow.swift */; };
		2A91C7A92935E2CC005A9155 /* SearchRouter.swift in Sources */ = {isa = PBXBuildFile; fileRef = 2A91C7A82935E2CC005A9155 /* SearchRouter.swift */; };
		2A91C7AB2935E2E5005A9155 /* SearchPresenter.swift in Sources */ = {isa = PBXBuildFile; fileRef = 2A91C7AA2935E2E5005A9155 /* SearchPresenter.swift */; };
		2A91C7AD2935FE79005A9155 /* TabItem.swift in Sources */ = {isa = PBXBuildFile; fileRef = 2A91C7AC2935FE79005A9155 /* TabItem.swift */; };
		2A9276B0292CAA7B00C30767 /* Alamofire in Frameworks */ = {isa = PBXBuildFile; productRef = 2A9276AF292CAA7B00C30767 /* Alamofire */; };
		2A9D452F292C805D008FABEB /* TheMealsAppApp.swift in Sources */ = {isa = PBXBuildFile; fileRef = 2A9D452E292C805D008FABEB /* TheMealsAppApp.swift */; };
		2A9D4531292C805D008FABEB /* ContentView.swift in Sources */ = {isa = PBXBuildFile; fileRef = 2A9D4530292C805D008FABEB /* ContentView.swift */; };
		2A9D4533292C805F008FABEB /* Assets.xcassets in Resources */ = {isa = PBXBuildFile; fileRef = 2A9D4532292C805F008FABEB /* Assets.xcassets */; };
		2A9D4536292C805F008FABEB /* Preview Assets.xcassets in Resources */ = {isa = PBXBuildFile; fileRef = 2A9D4535292C805F008FABEB /* Preview Assets.xcassets */; };
		2A9D4548292C8162008FABEB /* CategoriesResponse.swift in Sources */ = {isa = PBXBuildFile; fileRef = 2A9D4547292C8162008FABEB /* CategoriesResponse.swift */; };
		2A9D454A292C817B008FABEB /* RemoteDataSource.swift in Sources */ = {isa = PBXBuildFile; fileRef = 2A9D4549292C817B008FABEB /* RemoteDataSource.swift */; };
		2A9D454C292C819A008FABEB /* MealRepository.swift in Sources */ = {isa = PBXBuildFile; fileRef = 2A9D454B292C819A008FABEB /* MealRepository.swift */; };
		2A9D454E292C81B1008FABEB /* Injection.swift in Sources */ = {isa = PBXBuildFile; fileRef = 2A9D454D292C81B1008FABEB /* Injection.swift */; };
		2A9D4551292C81DD008FABEB /* CategoryModel.swift in Sources */ = {isa = PBXBuildFile; fileRef = 2A9D4550292C81DD008FABEB /* CategoryModel.swift */; };
		2A9D4554292C8202008FABEB /* HomeInteractor.swift in Sources */ = {isa = PBXBuildFile; fileRef = 2A9D4553292C8202008FABEB /* HomeInteractor.swift */; };
		2A9D4556292C8225008FABEB /* DetailInteractor.swift in Sources */ = {isa = PBXBuildFile; fileRef = 2A9D4555292C8225008FABEB /* DetailInteractor.swift */; };
		2A9D455B292C8262008FABEB /* APICall.swift in Sources */ = {isa = PBXBuildFile; fileRef = 2A9D455A292C8262008FABEB /* APICall.swift */; };
		2A9D455D292C8272008FABEB /* CategoryMapper.swift in Sources */ = {isa = PBXBuildFile; fileRef = 2A9D455C292C8272008FABEB /* CategoryMapper.swift */; };
		2A9D4561292C82A2008FABEB /* Color+Ext.swift in Sources */ = {isa = PBXBuildFile; fileRef = 2A9D4560292C82A2008FABEB /* Color+Ext.swift */; };
		2A9D4566292C840B008FABEB /* HomePresenter.swift in Sources */ = {isa = PBXBuildFile; fileRef = 2A9D4565292C840B008FABEB /* HomePresenter.swift */; };
		2A9D4568292C84B2008FABEB /* HomeView.swift in Sources */ = {isa = PBXBuildFile; fileRef = 2A9D4567292C84B2008FABEB /* HomeView.swift */; };
		2A9D456A292C84C2008FABEB /* CategoryRow.swift in Sources */ = {isa = PBXBuildFile; fileRef = 2A9D4569292C84C2008FABEB /* CategoryRow.swift */; };
		2A9D456C292C8577008FABEB /* HomeRouter.swift in Sources */ = {isa = PBXBuildFile; fileRef = 2A9D456B292C8577008FABEB /* HomeRouter.swift */; };
		2A9D4570292C8604008FABEB /* DetailPresenter.swift in Sources */ = {isa = PBXBuildFile; fileRef = 2A9D456F292C8604008FABEB /* DetailPresenter.swift */; };
		2A9D4572292C8620008FABEB /* DetailView.swift in Sources */ = {isa = PBXBuildFile; fileRef = 2A9D4571292C8620008FABEB /* DetailView.swift */; };
		2AC96399292CB25E0061B65A /* LocaleDataSource.swift in Sources */ = {isa = PBXBuildFile; fileRef = 2AC96398292CB25E0061B65A /* LocaleDataSource.swift */; };
		2AC9639B292CB2770061B65A /* CategoryEntity.swift in Sources */ = {isa = PBXBuildFile; fileRef = 2AC9639A292CB2770061B65A /* CategoryEntity.swift */; };
		2AC9639F292CB8270061B65A /* CachedAsyncImage in Frameworks */ = {isa = PBXBuildFile; productRef = 2AC9639E292CB8270061B65A /* CachedAsyncImage */; };
/* End PBXBuildFile section */

/* Begin PBXFileReference section */
		2A7FBE9F293883E9007CD8AE /* Core */ = {isa = PBXFileReference; lastKnownFileType = wrapper; name = Core; path = ../Modules/Core; sourceTree = "<group>"; };
		2A7FBEA12938A58A007CD8AE /* CustomeError+Ext.swift */ = {isa = PBXFileReference; fileEncoding = 4; lastKnownFileType = sourcecode.swift; path = "CustomeError+Ext.swift"; sourceTree = "<group>"; };
		2A7FBEA42938A6D2007CD8AE /* Category */ = {isa = PBXFileReference; lastKnownFileType = wrapper; name = Category; path = ../Modules/Category; sourceTree = "<group>"; };
		2A91C76D2935DB11005A9155 /* MealEntity.swift */ = {isa = PBXFileReference; lastKnownFileType = sourcecode.swift; path = MealEntity.swift; sourceTree = "<group>"; };
		2A91C76F2935DB1D005A9155 /* IngredientEntity.swift */ = {isa = PBXFileReference; lastKnownFileType = sourcecode.swift; path = IngredientEntity.swift; sourceTree = "<group>"; };
		2A91C7712935DB41005A9155 /* MealsResponse.swift */ = {isa = PBXFileReference; lastKnownFileType = sourcecode.swift; path = MealsResponse.swift; sourceTree = "<group>"; };
		2A91C7732935DC3E005A9155 /* MealModel.swift */ = {isa = PBXFileReference; lastKnownFileType = sourcecode.swift; path = MealModel.swift; sourceTree = "<group>"; };
		2A91C7752935DC57005A9155 /* IngredientModel.swift */ = {isa = PBXFileReference; lastKnownFileType = sourcecode.swift; path = IngredientModel.swift; sourceTree = "<group>"; };
		2A91C7772935DC8A005A9155 /* FavoriteInteractor.swift */ = {isa = PBXFileReference; lastKnownFileType = sourcecode.swift; path = FavoriteInteractor.swift; sourceTree = "<group>"; };
		2A91C7792935DC9F005A9155 /* MealInteractor.swift */ = {isa = PBXFileReference; lastKnownFileType = sourcecode.swift; path = MealInteractor.swift; sourceTree = "<group>"; };
		2A91C77B2935DCB6005A9155 /* SearchInteractor.swift */ = {isa = PBXFileReference; lastKnownFileType = sourcecode.swift; path = SearchInteractor.swift; sourceTree = "<group>"; };
		2A91C77D2935DCFA005A9155 /* MealMapper.swift */ = {isa = PBXFileReference; lastKnownFileType = sourcecode.swift; path = MealMapper.swift; sourceTree = "<group>"; };
		2A91C77F2935DD18005A9155 /* IngredientMapper.swift */ = {isa = PBXFileReference; lastKnownFileType = sourcecode.swift; path = IngredientMapper.swift; sourceTree = "<group>"; };
		2A91C7872935DD8B005A9155 /* FavoritePresenter.swift */ = {isa = PBXFileReference; lastKnownFileType = sourcecode.swift; path = FavoritePresenter.swift; sourceTree = "<group>"; };
		2A91C7892935DDA3005A9155 /* FavoriteRouter.swift */ = {isa = PBXFileReference; lastKnownFileType = sourcecode.swift; path = FavoriteRouter.swift; sourceTree = "<group>"; };
		2A91C78B2935DDC0005A9155 /* FavoriteView.swift */ = {isa = PBXFileReference; lastKnownFileType = sourcecode.swift; path = FavoriteView.swift; sourceTree = "<group>"; };
		2A91C78D2935DDDB005A9155 /* FavoriteRow.swift */ = {isa = PBXFileReference; lastKnownFileType = sourcecode.swift; path = FavoriteRow.swift; sourceTree = "<group>"; };
		2A91C7902935DE32005A9155 /* CustomEmptyView.swift */ = {isa = PBXFileReference; lastKnownFileType = sourcecode.swift; path = CustomEmptyView.swift; sourceTree = "<group>"; };
		2A91C7942935DEDB005A9155 /* MealPresenter.swift */ = {isa = PBXFileReference; lastKnownFileType = sourcecode.swift; path = MealPresenter.swift; sourceTree = "<group>"; };
		2A91C7962935DEF3005A9155 /* MealView.swift */ = {isa = PBXFileReference; lastKnownFileType = sourcecode.swift; path = MealView.swift; sourceTree = "<group>"; };
		2A91C7982935DF79005A9155 /* CustomIcon.swift */ = {isa = PBXFileReference; lastKnownFileType = sourcecode.swift; path = CustomIcon.swift; sourceTree = "<group>"; };
		2A91C79A2935E052005A9155 /* MealRow.swift */ = {isa = PBXFileReference; lastKnownFileType = sourcecode.swift; path = MealRow.swift; sourceTree = "<group>"; };
		2A91C79D2935E061005A9155 /* DetailRouter.swift */ = {isa = PBXFileReference; lastKnownFileType = sourcecode.swift; path = DetailRouter.swift; sourceTree = "<group>"; };
		2A91C7A32935E251005A9155 /* SearchView.swift */ = {isa = PBXFileReference; lastKnownFileType = sourcecode.swift; path = SearchView.swift; sourceTree = "<group>"; };
		2A91C7A52935E274005A9155 /* SearchRow.swift */ = {isa = PBXFileReference; lastKnownFileType = sourcecode.swift; path = SearchRow.swift; sourceTree = "<group>"; };
		2A91C7A82935E2CC005A9155 /* SearchRouter.swift */ = {isa = PBXFileReference; lastKnownFileType = sourcecode.swift; path = SearchRouter.swift; sourceTree = "<group>"; };
		2A91C7AA2935E2E5005A9155 /* SearchPresenter.swift */ = {isa = PBXFileReference; lastKnownFileType = sourcecode.swift; path = SearchPresenter.swift; sourceTree = "<group>"; };
		2A91C7AC2935FE79005A9155 /* TabItem.swift */ = {isa = PBXFileReference; lastKnownFileType = sourcecode.swift; path = TabItem.swift; sourceTree = "<group>"; };
		2A9D452B292C805D008FABEB /* TheMealsApp.app */ = {isa = PBXFileReference; explicitFileType = wrapper.application; includeInIndex = 0; path = TheMealsApp.app; sourceTree = BUILT_PRODUCTS_DIR; };
		2A9D452E292C805D008FABEB /* TheMealsAppApp.swift */ = {isa = PBXFileReference; lastKnownFileType = sourcecode.swift; path = TheMealsAppApp.swift; sourceTree = "<group>"; };
		2A9D4530292C805D008FABEB /* ContentView.swift */ = {isa = PBXFileReference; lastKnownFileType = sourcecode.swift; path = ContentView.swift; sourceTree = "<group>"; };
		2A9D4532292C805F008FABEB /* Assets.xcassets */ = {isa = PBXFileReference; lastKnownFileType = folder.assetcatalog; path = Assets.xcassets; sourceTree = "<group>"; };
		2A9D4535292C805F008FABEB /* Preview Assets.xcassets */ = {isa = PBXFileReference; lastKnownFileType = folder.assetcatalog; path = "Preview Assets.xcassets"; sourceTree = "<group>"; };
		2A9D4547292C8162008FABEB /* CategoriesResponse.swift */ = {isa = PBXFileReference; lastKnownFileType = sourcecode.swift; path = CategoriesResponse.swift; sourceTree = "<group>"; };
		2A9D4549292C817B008FABEB /* RemoteDataSource.swift */ = {isa = PBXFileReference; lastKnownFileType = sourcecode.swift; path = RemoteDataSource.swift; sourceTree = "<group>"; };
		2A9D454B292C819A008FABEB /* MealRepository.swift */ = {isa = PBXFileReference; lastKnownFileType = sourcecode.swift; path = MealRepository.swift; sourceTree = "<group>"; };
		2A9D454D292C81B1008FABEB /* Injection.swift */ = {isa = PBXFileReference; lastKnownFileType = sourcecode.swift; path = Injection.swift; sourceTree = "<group>"; };
		2A9D4550292C81DD008FABEB /* CategoryModel.swift */ = {isa = PBXFileReference; lastKnownFileType = sourcecode.swift; path = CategoryModel.swift; sourceTree = "<group>"; };
		2A9D4553292C8202008FABEB /* HomeInteractor.swift */ = {isa = PBXFileReference; lastKnownFileType = sourcecode.swift; path = HomeInteractor.swift; sourceTree = "<group>"; };
		2A9D4555292C8225008FABEB /* DetailInteractor.swift */ = {isa = PBXFileReference; lastKnownFileType = sourcecode.swift; path = DetailInteractor.swift; sourceTree = "<group>"; };
		2A9D455A292C8262008FABEB /* APICall.swift */ = {isa = PBXFileReference; lastKnownFileType = sourcecode.swift; path = APICall.swift; sourceTree = "<group>"; };
		2A9D455C292C8272008FABEB /* CategoryMapper.swift */ = {isa = PBXFileReference; lastKnownFileType = sourcecode.swift; path = CategoryMapper.swift; sourceTree = "<group>"; };
		2A9D4560292C82A2008FABEB /* Color+Ext.swift */ = {isa = PBXFileReference; lastKnownFileType = sourcecode.swift; path = "Color+Ext.swift"; sourceTree = "<group>"; };
		2A9D4565292C840B008FABEB /* HomePresenter.swift */ = {isa = PBXFileReference; lastKnownFileType = sourcecode.swift; path = HomePresenter.swift; sourceTree = "<group>"; };
		2A9D4567292C84B2008FABEB /* HomeView.swift */ = {isa = PBXFileReference; lastKnownFileType = sourcecode.swift; path = HomeView.swift; sourceTree = "<group>"; };
		2A9D4569292C84C2008FABEB /* CategoryRow.swift */ = {isa = PBXFileReference; lastKnownFileType = sourcecode.swift; path = CategoryRow.swift; sourceTree = "<group>"; };
		2A9D456B292C8577008FABEB /* HomeRouter.swift */ = {isa = PBXFileReference; lastKnownFileType = sourcecode.swift; path = HomeRouter.swift; sourceTree = "<group>"; };
		2A9D456F292C8604008FABEB /* DetailPresenter.swift */ = {isa = PBXFileReference; lastKnownFileType = sourcecode.swift; path = DetailPresenter.swift; sourceTree = "<group>"; };
		2A9D4571292C8620008FABEB /* DetailView.swift */ = {isa = PBXFileReference; lastKnownFileType = sourcecode.swift; path = DetailView.swift; sourceTree = "<group>"; };
		2AC96398292CB25E0061B65A /* LocaleDataSource.swift */ = {isa = PBXFileReference; lastKnownFileType = sourcecode.swift; path = LocaleDataSource.swift; sourceTree = "<group>"; };
		2AC9639A292CB2770061B65A /* CategoryEntity.swift */ = {isa = PBXFileReference; lastKnownFileType = sourcecode.swift; path = CategoryEntity.swift; sourceTree = "<group>"; };
/* End PBXFileReference section */

/* Begin PBXFrameworksBuildPhase section */
		2A9D4528292C805D008FABEB /* Frameworks */ = {
			isa = PBXFrameworksBuildPhase;
			buildActionMask = 2147483647;
			files = (
				2A7FBE9D29388217007CD8AE /* RealmSwift in Frameworks */,
				2A7FBE9B29388217007CD8AE /* Realm in Frameworks */,
				2AC9639F292CB8270061B65A /* CachedAsyncImage in Frameworks */,
				2A2E309A2938B78600920021 /* Category in Frameworks */,
				2A9276B0292CAA7B00C30767 /* Alamofire in Frameworks */,
				2A2E309C2938B78600920021 /* Core in Frameworks */,
			);
			runOnlyForDeploymentPostprocessing = 0;
		};
/* End PBXFrameworksBuildPhase section */

/* Begin PBXGroup section */
		2A7FBE9E293883E9007CD8AE /* Packages */ = {
			isa = PBXGroup;
			children = (
				2A7FBE9F293883E9007CD8AE /* Core */,
				2A7FBEA42938A6D2007CD8AE /* Category */,
			);
			name = Packages;
			sourceTree = "<group>";
		};
		2A91C7812935DD33005A9155 /* Favorite */ = {
			isa = PBXGroup;
			children = (
				2A91C7842935DD61005A9155 /* Presenter */,
				2A91C7852935DD67005A9155 /* Router */,
				2A91C7862935DD6C005A9155 /* View */,
			);
			path = Favorite;
			sourceTree = "<group>";
		};
		2A91C7822935DD3D005A9155 /* Meal */ = {
			isa = PBXGroup;
			children = (
				2A91C7922935DEB9005A9155 /* Presenter */,
				2A91C7932935DEBF005A9155 /* View */,
			);
			path = Meal;
			sourceTree = "<group>";
		};
		2A91C7832935DD43005A9155 /* Search */ = {
			isa = PBXGroup;
			children = (
				2A91C7A12935E23C005A9155 /* Presenter */,
				2A91C7A72935E2C4005A9155 /* Router */,
				2A91C7A22935E241005A9155 /* View */,
			);
			path = Search;
			sourceTree = "<group>";
		};
		2A91C7842935DD61005A9155 /* Presenter */ = {
			isa = PBXGroup;
			children = (
				2A91C7872935DD8B005A9155 /* FavoritePresenter.swift */,
			);
			path = Presenter;
			sourceTree = "<group>";
		};
		2A91C7852935DD67005A9155 /* Router */ = {
			isa = PBXGroup;
			children = (
				2A91C7892935DDA3005A9155 /* FavoriteRouter.swift */,
			);
			path = Router;
			sourceTree = "<group>";
		};
		2A91C7862935DD6C005A9155 /* View */ = {
			isa = PBXGroup;
			children = (
				2A91C78B2935DDC0005A9155 /* FavoriteView.swift */,
				2A91C78D2935DDDB005A9155 /* FavoriteRow.swift */,
			);
			path = View;
			sourceTree = "<group>";
		};
		2A91C78F2935DE27005A9155 /* View */ = {
			isa = PBXGroup;
			children = (
				2A91C7902935DE32005A9155 /* CustomEmptyView.swift */,
				2A91C7982935DF79005A9155 /* CustomIcon.swift */,
				2A91C7AC2935FE79005A9155 /* TabItem.swift */,
			);
			path = View;
			sourceTree = "<group>";
		};
		2A91C7922935DEB9005A9155 /* Presenter */ = {
			isa = PBXGroup;
			children = (
				2A91C7942935DEDB005A9155 /* MealPresenter.swift */,
			);
			path = Presenter;
			sourceTree = "<group>";
		};
		2A91C7932935DEBF005A9155 /* View */ = {
			isa = PBXGroup;
			children = (
				2A91C7962935DEF3005A9155 /* MealView.swift */,
			);
			path = View;
			sourceTree = "<group>";
		};
		2A91C79C2935E055005A9155 /* Router */ = {
			isa = PBXGroup;
			children = (
				2A91C79D2935E061005A9155 /* DetailRouter.swift */,
			);
			path = Router;
			sourceTree = "<group>";
		};
		2A91C7A12935E23C005A9155 /* Presenter */ = {
			isa = PBXGroup;
			children = (
				2A91C7AA2935E2E5005A9155 /* SearchPresenter.swift */,
			);
			path = Presenter;
			sourceTree = "<group>";
		};
		2A91C7A22935E241005A9155 /* View */ = {
			isa = PBXGroup;
			children = (
				2A91C7A32935E251005A9155 /* SearchView.swift */,
				2A91C7A52935E274005A9155 /* SearchRow.swift */,
			);
			path = View;
			sourceTree = "<group>";
		};
		2A91C7A72935E2C4005A9155 /* Router */ = {
			isa = PBXGroup;
			children = (
				2A91C7A82935E2CC005A9155 /* SearchRouter.swift */,
			);
			path = Router;
			sourceTree = "<group>";
		};
		2A91C7B12936105A005A9155 /* Frameworks */ = {
			isa = PBXGroup;
			children = (
			);
			name = Frameworks;
			sourceTree = "<group>";
		};
		2A9D4522292C805D008FABEB = {
			isa = PBXGroup;
			children = (
				2A7FBE9E293883E9007CD8AE /* Packages */,
				2A9D452D292C805D008FABEB /* TheMealsApp */,
				2A9D452C292C805D008FABEB /* Products */,
				2A91C7B12936105A005A9155 /* Frameworks */,
			);
			sourceTree = "<group>";
		};
		2A9D452C292C805D008FABEB /* Products */ = {
			isa = PBXGroup;
			children = (
				2A9D452B292C805D008FABEB /* TheMealsApp.app */,
			);
			name = Products;
			sourceTree = "<group>";
		};
		2A9D452D292C805D008FABEB /* TheMealsApp */ = {
			isa = PBXGroup;
			children = (
				2A9D453C292C80E6008FABEB /* App */,
				2A9D453D292C80EA008FABEB /* Core */,
				2A9D453E292C80F2008FABEB /* Module */,
				2A9D4532292C805F008FABEB /* Assets.xcassets */,
				2A9D4534292C805F008FABEB /* Preview Content */,
			);
			path = TheMealsApp;
			sourceTree = "<group>";
		};
		2A9D4534292C805F008FABEB /* Preview Content */ = {
			isa = PBXGroup;
			children = (
				2A9D4535292C805F008FABEB /* Preview Assets.xcassets */,
			);
			path = "Preview Content";
			sourceTree = "<group>";
		};
		2A9D453C292C80E6008FABEB /* App */ = {
			isa = PBXGroup;
			children = (
				2A9D452E292C805D008FABEB /* TheMealsAppApp.swift */,
				2A9D4530292C805D008FABEB /* ContentView.swift */,
			);
			path = App;
			sourceTree = "<group>";
		};
		2A9D453D292C80EA008FABEB /* Core */ = {
			isa = PBXGroup;
			children = (
				2A9D4541292C8118008FABEB /* Data */,
				2A9D4542292C811C008FABEB /* DI */,
				2A9D4543292C8129008FABEB /* Domain */,
				2A9D4544292C8135008FABEB /* Utils */,
			);
			path = Core;
			sourceTree = "<group>";
		};
		2A9D453E292C80F2008FABEB /* Module */ = {
			isa = PBXGroup;
			children = (
				2A9D4540292C8105008FABEB /* Detail */,
				2A91C7812935DD33005A9155 /* Favorite */,
				2A9D453F292C80FD008FABEB /* Home */,
				2A91C7822935DD3D005A9155 /* Meal */,
				2A91C7832935DD43005A9155 /* Search */,
			);
			path = Module;
			sourceTree = "<group>";
		};
		2A9D453F292C80FD008FABEB /* Home */ = {
			isa = PBXGroup;
			children = (
				2A9D4562292C83EA008FABEB /* Presenter */,
				2A9D4564292C83F8008FABEB /* Router */,
				2A9D4563292C83F2008FABEB /* View */,
			);
			path = Home;
			sourceTree = "<group>";
		};
		2A9D4540292C8105008FABEB /* Detail */ = {
			isa = PBXGroup;
			children = (
				2A9D456E292C85E7008FABEB /* Presenter */,
				2A91C79C2935E055005A9155 /* Router */,
				2A9D456D292C85E2008FABEB /* View */,
			);
			path = Detail;
			sourceTree = "<group>";
		};
		2A9D4541292C8118008FABEB /* Data */ = {
			isa = PBXGroup;
			children = (
				2AC96397292CB24F0061B65A /* Locale */,
				2A9D4545292C8144008FABEB /* Remote */,
				2A9D454B292C819A008FABEB /* MealRepository.swift */,
			);
			path = Data;
			sourceTree = "<group>";
		};
		2A9D4542292C811C008FABEB /* DI */ = {
			isa = PBXGroup;
			children = (
				2A9D454D292C81B1008FABEB /* Injection.swift */,
			);
			path = DI;
			sourceTree = "<group>";
		};
		2A9D4543292C8129008FABEB /* Domain */ = {
			isa = PBXGroup;
			children = (
				2A9D454F292C81C2008FABEB /* Model */,
				2A9D4552292C81E5008FABEB /* UseCase */,
			);
			path = Domain;
			sourceTree = "<group>";
		};
		2A9D4544292C8135008FABEB /* Utils */ = {
			isa = PBXGroup;
			children = (
				2A91C78F2935DE27005A9155 /* View */,
				2A9D4559292C824F008FABEB /* Extensions */,
				2A9D4558292C824C008FABEB /* Mapper */,
				2A9D4557292C8247008FABEB /* Network */,
			);
			path = Utils;
			sourceTree = "<group>";
		};
		2A9D4545292C8144008FABEB /* Remote */ = {
			isa = PBXGroup;
			children = (
				2A9D4546292C814E008FABEB /* Response */,
				2A9D4549292C817B008FABEB /* RemoteDataSource.swift */,
			);
			path = Remote;
			sourceTree = "<group>";
		};
		2A9D4546292C814E008FABEB /* Response */ = {
			isa = PBXGroup;
			children = (
				2A9D4547292C8162008FABEB /* CategoriesResponse.swift */,
				2A91C7712935DB41005A9155 /* MealsResponse.swift */,
			);
			path = Response;
			sourceTree = "<group>";
		};
		2A9D454F292C81C2008FABEB /* Model */ = {
			isa = PBXGroup;
			children = (
				2A9D4550292C81DD008FABEB /* CategoryModel.swift */,
				2A91C7732935DC3E005A9155 /* MealModel.swift */,
				2A91C7752935DC57005A9155 /* IngredientModel.swift */,
			);
			path = Model;
			sourceTree = "<group>";
		};
		2A9D4552292C81E5008FABEB /* UseCase */ = {
			isa = PBXGroup;
			children = (
				2A9D4553292C8202008FABEB /* HomeInteractor.swift */,
				2A9D4555292C8225008FABEB /* DetailInteractor.swift */,
				2A91C7772935DC8A005A9155 /* FavoriteInteractor.swift */,
				2A91C7792935DC9F005A9155 /* MealInteractor.swift */,
				2A91C77B2935DCB6005A9155 /* SearchInteractor.swift */,
			);
			path = UseCase;
			sourceTree = "<group>";
		};
		2A9D4557292C8247008FABEB /* Network */ = {
			isa = PBXGroup;
			children = (
				2A9D455A292C8262008FABEB /* APICall.swift */,
			);
			path = Network;
			sourceTree = "<group>";
		};
		2A9D4558292C824C008FABEB /* Mapper */ = {
			isa = PBXGroup;
			children = (
				2A9D455C292C8272008FABEB /* CategoryMapper.swift */,
				2A91C77F2935DD18005A9155 /* IngredientMapper.swift */,
				2A91C77D2935DCFA005A9155 /* MealMapper.swift */,
			);
			path = Mapper;
			sourceTree = "<group>";
		};
		2A9D4559292C824F008FABEB /* Extensions */ = {
			isa = PBXGroup;
			children = (
				2A7FBEA12938A58A007CD8AE /* CustomeError+Ext.swift */,
				2A9D4560292C82A2008FABEB /* Color+Ext.swift */,
			);
			path = Extensions;
			sourceTree = "<group>";
		};
		2A9D4562292C83EA008FABEB /* Presenter */ = {
			isa = PBXGroup;
			children = (
				2A9D4565292C840B008FABEB /* HomePresenter.swift */,
			);
			path = Presenter;
			sourceTree = "<group>";
		};
		2A9D4563292C83F2008FABEB /* View */ = {
			isa = PBXGroup;
			children = (
				2A9D4567292C84B2008FABEB /* HomeView.swift */,
				2A9D4569292C84C2008FABEB /* CategoryRow.swift */,
			);
			path = View;
			sourceTree = "<group>";
		};
		2A9D4564292C83F8008FABEB /* Router */ = {
			isa = PBXGroup;
			children = (
				2A9D456B292C8577008FABEB /* HomeRouter.swift */,
			);
			path = Router;
			sourceTree = "<group>";
		};
		2A9D456D292C85E2008FABEB /* View */ = {
			isa = PBXGroup;
			children = (
				2A9D4571292C8620008FABEB /* DetailView.swift */,
				2A91C79A2935E052005A9155 /* MealRow.swift */,
			);
			path = View;
			sourceTree = "<group>";
		};
		2A9D456E292C85E7008FABEB /* Presenter */ = {
			isa = PBXGroup;
			children = (
				2A9D456F292C8604008FABEB /* DetailPresenter.swift */,
			);
			path = Presenter;
			sourceTree = "<group>";
		};
		2AC96397292CB24F0061B65A /* Locale */ = {
			isa = PBXGroup;
			children = (
				2AC9639C292CB27B0061B65A /* Entity */,
				2AC96398292CB25E0061B65A /* LocaleDataSource.swift */,
			);
			path = Locale;
			sourceTree = "<group>";
		};
		2AC9639C292CB27B0061B65A /* Entity */ = {
			isa = PBXGroup;
			children = (
				2AC9639A292CB2770061B65A /* CategoryEntity.swift */,
				2A91C76D2935DB11005A9155 /* MealEntity.swift */,
				2A91C76F2935DB1D005A9155 /* IngredientEntity.swift */,
			);
			path = Entity;
			sourceTree = "<group>";
		};
/* End PBXGroup section */

/* Begin PBXNativeTarget section */
		2A9D452A292C805D008FABEB /* TheMealsApp */ = {
			isa = PBXNativeTarget;
			buildConfigurationList = 2A9D4539292C805F008FABEB /* Build configuration list for PBXNativeTarget "TheMealsApp" */;
			buildPhases = (
				2A9D4527292C805D008FABEB /* Sources */,
				2A9D4528292C805D008FABEB /* Frameworks */,
				2A9D4529292C805D008FABEB /* Resources */,
			);
			buildRules = (
			);
			dependencies = (
			);
			name = TheMealsApp;
			packageProductDependencies = (
				2A9276AF292CAA7B00C30767 /* Alamofire */,
				2AC9639E292CB8270061B65A /* CachedAsyncImage */,
				2A7FBE9A29388217007CD8AE /* Realm */,
				2A7FBE9C29388217007CD8AE /* RealmSwift */,
				2A2E30992938B78600920021 /* Category */,
				2A2E309B2938B78600920021 /* Core */,
			);
			productName = TheMealsApp;
			productReference = 2A9D452B292C805D008FABEB /* TheMealsApp.app */;
			productType = "com.apple.product-type.application";
		};
/* End PBXNativeTarget section */

/* Begin PBXProject section */
		2A9D4523292C805D008FABEB /* Project object */ = {
			isa = PBXProject;
			attributes = {
				BuildIndependentTargetsInParallel = 1;
				LastSwiftUpdateCheck = 1410;
				LastUpgradeCheck = 1410;
				TargetAttributes = {
					2A9D452A292C805D008FABEB = {
						CreatedOnToolsVersion = 14.1;
					};
				};
			};
			buildConfigurationList = 2A9D4526292C805D008FABEB /* Build configuration list for PBXProject "TheMealsApp" */;
			compatibilityVersion = "Xcode 14.0";
			developmentRegion = en;
			hasScannedForEncodings = 0;
			knownRegions = (
				en,
				Base,
			);
			mainGroup = 2A9D4522292C805D008FABEB;
			packageReferences = (
				2A9276AE292CAA7B00C30767 /* XCRemoteSwiftPackageReference "Alamofire" */,
				2AC9639D292CB8270061B65A /* XCRemoteSwiftPackageReference "swiftui-cached-async-image" */,
				2A7FBE9929388217007CD8AE /* XCRemoteSwiftPackageReference "realm-swift" */,
			);
			productRefGroup = 2A9D452C292C805D008FABEB /* Products */;
			projectDirPath = "";
			projectRoot = "";
			targets = (
				2A9D452A292C805D008FABEB /* TheMealsApp */,
			);
		};
/* End PBXProject section */

/* Begin PBXResourcesBuildPhase section */
		2A9D4529292C805D008FABEB /* Resources */ = {
			isa = PBXResourcesBuildPhase;
			buildActionMask = 2147483647;
			files = (
				2A9D4536292C805F008FABEB /* Preview Assets.xcassets in Resources */,
				2A9D4533292C805F008FABEB /* Assets.xcassets in Resources */,
			);
			runOnlyForDeploymentPostprocessing = 0;
		};
/* End PBXResourcesBuildPhase section */

/* Begin PBXSourcesBuildPhase section */
		2A9D4527292C805D008FABEB /* Sources */ = {
			isa = PBXSourcesBuildPhase;
			buildActionMask = 2147483647;
			files = (
				2A91C7762935DC57005A9155 /* IngredientModel.swift in Sources */,
				2A91C77A2935DC9F005A9155 /* MealInteractor.swift in Sources */,
				2A91C7AB2935E2E5005A9155 /* SearchPresenter.swift in Sources */,
				2A91C7802935DD18005A9155 /* IngredientMapper.swift in Sources */,
				2A9D454A292C817B008FABEB /* RemoteDataSource.swift in Sources */,
				2A91C7952935DEDB005A9155 /* MealPresenter.swift in Sources */,
				2A9D4531292C805D008FABEB /* ContentView.swift in Sources */,
				2A7FBEA22938A58A007CD8AE /* CustomeError+Ext.swift in Sources */,
				2A9D456A292C84C2008FABEB /* CategoryRow.swift in Sources */,
				2A91C79E2935E061005A9155 /* DetailRouter.swift in Sources */,
				2A91C76E2935DB11005A9155 /* MealEntity.swift in Sources */,
				2A91C7782935DC8A005A9155 /* FavoriteInteractor.swift in Sources */,
				2A91C7A42935E251005A9155 /* SearchView.swift in Sources */,
				2A9D455B292C8262008FABEB /* APICall.swift in Sources */,
				2A91C7702935DB1D005A9155 /* IngredientEntity.swift in Sources */,
				2A91C7882935DD8B005A9155 /* FavoritePresenter.swift in Sources */,
				2A9D4568292C84B2008FABEB /* HomeView.swift in Sources */,
				2A9D452F292C805D008FABEB /* TheMealsAppApp.swift in Sources */,
				2A9D4561292C82A2008FABEB /* Color+Ext.swift in Sources */,
				2A9D4556292C8225008FABEB /* DetailInteractor.swift in Sources */,
				2A9D456C292C8577008FABEB /* HomeRouter.swift in Sources */,
				2A91C77C2935DCB6005A9155 /* SearchInteractor.swift in Sources */,
				2A9D4554292C8202008FABEB /* HomeInteractor.swift in Sources */,
				2A91C78C2935DDC0005A9155 /* FavoriteView.swift in Sources */,
				2A9D4566292C840B008FABEB /* HomePresenter.swift in Sources */,
				2A9D4570292C8604008FABEB /* DetailPresenter.swift in Sources */,
				2A91C7A92935E2CC005A9155 /* SearchRouter.swift in Sources */,
				2A9D454E292C81B1008FABEB /* Injection.swift in Sources */,
				2A91C79B2935E052005A9155 /* MealRow.swift in Sources */,
				2A91C7972935DEF3005A9155 /* MealView.swift in Sources */,
				2A91C77E2935DCFA005A9155 /* MealMapper.swift in Sources */,
				2A91C7AD2935FE79005A9155 /* TabItem.swift in Sources */,
				2A91C7742935DC3E005A9155 /* MealModel.swift in Sources */,
				2A9D4551292C81DD008FABEB /* CategoryModel.swift in Sources */,
				2AC96399292CB25E0061B65A /* LocaleDataSource.swift in Sources */,
				2A91C78A2935DDA3005A9155 /* FavoriteRouter.swift in Sources */,
				2AC9639B292CB2770061B65A /* CategoryEntity.swift in Sources */,
				2A91C7912935DE32005A9155 /* CustomEmptyView.swift in Sources */,
				2A91C78E2935DDDB005A9155 /* FavoriteRow.swift in Sources */,
				2A9D455D292C8272008FABEB /* CategoryMapper.swift in Sources */,
				2A9D454C292C819A008FABEB /* MealRepository.swift in Sources */,
				2A9D4572292C8620008FABEB /* DetailView.swift in Sources */,
				2A91C7A62935E274005A9155 /* SearchRow.swift in Sources */,
				2A91C7992935DF79005A9155 /* CustomIcon.swift in Sources */,
				2A9D4548292C8162008FABEB /* CategoriesResponse.swift in Sources */,
				2A91C7722935DB41005A9155 /* MealsResponse.swift in Sources */,
			);
			runOnlyForDeploymentPostprocessing = 0;
		};
/* End PBXSourcesBuildPhase section */

/* Begin XCBuildConfiguration section */
		2A9D4537292C805F008FABEB /* Debug */ = {
			isa = XCBuildConfiguration;
			buildSettings = {
				ALWAYS_SEARCH_USER_PATHS = NO;
				CLANG_ANALYZER_NONNULL = YES;
				CLANG_ANALYZER_NUMBER_OBJECT_CONVERSION = YES_AGGRESSIVE;
				CLANG_CXX_LANGUAGE_STANDARD = "gnu++20";
				CLANG_ENABLE_MODULES = YES;
				CLANG_ENABLE_OBJC_ARC = YES;
				CLANG_ENABLE_OBJC_WEAK = YES;
				CLANG_WARN_BLOCK_CAPTURE_AUTORELEASING = YES;
				CLANG_WARN_BOOL_CONVERSION = YES;
				CLANG_WARN_COMMA = YES;
				CLANG_WARN_CONSTANT_CONVERSION = YES;
				CLANG_WARN_DEPRECATED_OBJC_IMPLEMENTATIONS = YES;
				CLANG_WARN_DIRECT_OBJC_ISA_USAGE = YES_ERROR;
				CLANG_WARN_DOCUMENTATION_COMMENTS = YES;
				CLANG_WARN_EMPTY_BODY = YES;
				CLANG_WARN_ENUM_CONVERSION = YES;
				CLANG_WARN_INFINITE_RECURSION = YES;
				CLANG_WARN_INT_CONVERSION = YES;
				CLANG_WARN_NON_LITERAL_NULL_CONVERSION = YES;
				CLANG_WARN_OBJC_IMPLICIT_RETAIN_SELF = YES;
				CLANG_WARN_OBJC_LITERAL_CONVERSION = YES;
				CLANG_WARN_OBJC_ROOT_CLASS = YES_ERROR;
				CLANG_WARN_QUOTED_INCLUDE_IN_FRAMEWORK_HEADER = YES;
				CLANG_WARN_RANGE_LOOP_ANALYSIS = YES;
				CLANG_WARN_STRICT_PROTOTYPES = YES;
				CLANG_WARN_SUSPICIOUS_MOVE = YES;
				CLANG_WARN_UNGUARDED_AVAILABILITY = YES_AGGRESSIVE;
				CLANG_WARN_UNREACHABLE_CODE = YES;
				CLANG_WARN__DUPLICATE_METHOD_MATCH = YES;
				COPY_PHASE_STRIP = NO;
				DEBUG_INFORMATION_FORMAT = dwarf;
				ENABLE_STRICT_OBJC_MSGSEND = YES;
				ENABLE_TESTABILITY = YES;
				GCC_C_LANGUAGE_STANDARD = gnu11;
				GCC_DYNAMIC_NO_PIC = NO;
				GCC_NO_COMMON_BLOCKS = YES;
				GCC_OPTIMIZATION_LEVEL = 0;
				GCC_PREPROCESSOR_DEFINITIONS = (
					"DEBUG=1",
					"$(inherited)",
				);
				GCC_WARN_64_TO_32_BIT_CONVERSION = YES;
				GCC_WARN_ABOUT_RETURN_TYPE = YES_ERROR;
				GCC_WARN_UNDECLARED_SELECTOR = YES;
				GCC_WARN_UNINITIALIZED_AUTOS = YES_AGGRESSIVE;
				GCC_WARN_UNUSED_FUNCTION = YES;
				GCC_WARN_UNUSED_VARIABLE = YES;
				IPHONEOS_DEPLOYMENT_TARGET = 16.1;
				MTL_ENABLE_DEBUG_INFO = INCLUDE_SOURCE;
				MTL_FAST_MATH = YES;
				ONLY_ACTIVE_ARCH = YES;
				SDKROOT = iphoneos;
				SWIFT_ACTIVE_COMPILATION_CONDITIONS = DEBUG;
				SWIFT_OPTIMIZATION_LEVEL = "-Onone";
			};
			name = Debug;
		};
		2A9D4538292C805F008FABEB /* Release */ = {
			isa = XCBuildConfiguration;
			buildSettings = {
				ALWAYS_SEARCH_USER_PATHS = NO;
				CLANG_ANALYZER_NONNULL = YES;
				CLANG_ANALYZER_NUMBER_OBJECT_CONVERSION = YES_AGGRESSIVE;
				CLANG_CXX_LANGUAGE_STANDARD = "gnu++20";
				CLANG_ENABLE_MODULES = YES;
				CLANG_ENABLE_OBJC_ARC = YES;
				CLANG_ENABLE_OBJC_WEAK = YES;
				CLANG_WARN_BLOCK_CAPTURE_AUTORELEASING = YES;
				CLANG_WARN_BOOL_CONVERSION = YES;
				CLANG_WARN_COMMA = YES;
				CLANG_WARN_CONSTANT_CONVERSION = YES;
				CLANG_WARN_DEPRECATED_OBJC_IMPLEMENTATIONS = YES;
				CLANG_WARN_DIRECT_OBJC_ISA_USAGE = YES_ERROR;
				CLANG_WARN_DOCUMENTATION_COMMENTS = YES;
				CLANG_WARN_EMPTY_BODY = YES;
				CLANG_WARN_ENUM_CONVERSION = YES;
				CLANG_WARN_INFINITE_RECURSION = YES;
				CLANG_WARN_INT_CONVERSION = YES;
				CLANG_WARN_NON_LITERAL_NULL_CONVERSION = YES;
				CLANG_WARN_OBJC_IMPLICIT_RETAIN_SELF = YES;
				CLANG_WARN_OBJC_LITERAL_CONVERSION = YES;
				CLANG_WARN_OBJC_ROOT_CLASS = YES_ERROR;
				CLANG_WARN_QUOTED_INCLUDE_IN_FRAMEWORK_HEADER = YES;
				CLANG_WARN_RANGE_LOOP_ANALYSIS = YES;
				CLANG_WARN_STRICT_PROTOTYPES = YES;
				CLANG_WARN_SUSPICIOUS_MOVE = YES;
				CLANG_WARN_UNGUARDED_AVAILABILITY = YES_AGGRESSIVE;
				CLANG_WARN_UNREACHABLE_CODE = YES;
				CLANG_WARN__DUPLICATE_METHOD_MATCH = YES;
				COPY_PHASE_STRIP = NO;
				DEBUG_INFORMATION_FORMAT = "dwarf-with-dsym";
				ENABLE_NS_ASSERTIONS = NO;
				ENABLE_STRICT_OBJC_MSGSEND = YES;
				GCC_C_LANGUAGE_STANDARD = gnu11;
				GCC_NO_COMMON_BLOCKS = YES;
				GCC_WARN_64_TO_32_BIT_CONVERSION = YES;
				GCC_WARN_ABOUT_RETURN_TYPE = YES_ERROR;
				GCC_WARN_UNDECLARED_SELECTOR = YES;
				GCC_WARN_UNINITIALIZED_AUTOS = YES_AGGRESSIVE;
				GCC_WARN_UNUSED_FUNCTION = YES;
				GCC_WARN_UNUSED_VARIABLE = YES;
				IPHONEOS_DEPLOYMENT_TARGET = 16.1;
				MTL_ENABLE_DEBUG_INFO = NO;
				MTL_FAST_MATH = YES;
				SDKROOT = iphoneos;
				SWIFT_COMPILATION_MODE = wholemodule;
				SWIFT_OPTIMIZATION_LEVEL = "-O";
				VALIDATE_PRODUCT = YES;
			};
			name = Release;
		};
		2A9D453A292C805F008FABEB /* Debug */ = {
			isa = XCBuildConfiguration;
			buildSettings = {
				ASSETCATALOG_COMPILER_APPICON_NAME = AppIcon;
				ASSETCATALOG_COMPILER_GLOBAL_ACCENT_COLOR_NAME = AccentColor;
				CODE_SIGN_STYLE = Automatic;
				CURRENT_PROJECT_VERSION = 1;
				DEVELOPMENT_ASSET_PATHS = "\"TheMealsApp/Preview Content\"";
				ENABLE_PREVIEWS = YES;
				GENERATE_INFOPLIST_FILE = YES;
				INFOPLIST_KEY_UIApplicationSceneManifest_Generation = YES;
				INFOPLIST_KEY_UIApplicationSupportsIndirectInputEvents = YES;
				INFOPLIST_KEY_UILaunchScreen_Generation = YES;
				INFOPLIST_KEY_UISupportedInterfaceOrientations_iPad = "UIInterfaceOrientationPortrait UIInterfaceOrientationPortraitUpsideDown UIInterfaceOrientationLandscapeLeft UIInterfaceOrientationLandscapeRight";
				INFOPLIST_KEY_UISupportedInterfaceOrientations_iPhone = "UIInterfaceOrientationPortrait UIInterfaceOrientationLandscapeLeft UIInterfaceOrientationLandscapeRight";
				LD_RUNPATH_SEARCH_PATHS = (
					"$(inherited)",
					"@executable_path/Frameworks",
				);
				MARKETING_VERSION = 1.0;
				PRODUCT_BUNDLE_IDENTIFIER = com.dicoding.academy.TheMealsApp;
				PRODUCT_NAME = "$(TARGET_NAME)";
				SWIFT_EMIT_LOC_STRINGS = YES;
				SWIFT_VERSION = 5.0;
				TARGETED_DEVICE_FAMILY = "1,2";
			};
			name = Debug;
		};
		2A9D453B292C805F008FABEB /* Release */ = {
			isa = XCBuildConfiguration;
			buildSettings = {
				ASSETCATALOG_COMPILER_APPICON_NAME = AppIcon;
				ASSETCATALOG_COMPILER_GLOBAL_ACCENT_COLOR_NAME = AccentColor;
				CODE_SIGN_STYLE = Automatic;
				CURRENT_PROJECT_VERSION = 1;
				DEVELOPMENT_ASSET_PATHS = "\"TheMealsApp/Preview Content\"";
				ENABLE_PREVIEWS = YES;
				GENERATE_INFOPLIST_FILE = YES;
				INFOPLIST_KEY_UIApplicationSceneManifest_Generation = YES;
				INFOPLIST_KEY_UIApplicationSupportsIndirectInputEvents = YES;
				INFOPLIST_KEY_UILaunchScreen_Generation = YES;
				INFOPLIST_KEY_UISupportedInterfaceOrientations_iPad = "UIInterfaceOrientationPortrait UIInterfaceOrientationPortraitUpsideDown UIInterfaceOrientationLandscapeLeft UIInterfaceOrientationLandscapeRight";
				INFOPLIST_KEY_UISupportedInterfaceOrientations_iPhone = "UIInterfaceOrientationPortrait UIInterfaceOrientationLandscapeLeft UIInterfaceOrientationLandscapeRight";
				LD_RUNPATH_SEARCH_PATHS = (
					"$(inherited)",
					"@executable_path/Frameworks",
				);
				MARKETING_VERSION = 1.0;
				PRODUCT_BUNDLE_IDENTIFIER = com.dicoding.academy.TheMealsApp;
				PRODUCT_NAME = "$(TARGET_NAME)";
				SWIFT_EMIT_LOC_STRINGS = YES;
				SWIFT_VERSION = 5.0;
				TARGETED_DEVICE_FAMILY = "1,2";
			};
			name = Release;
		};
/* End XCBuildConfiguration section */

/* Begin XCConfigurationList section */
		2A9D4526292C805D008FABEB /* Build configuration list for PBXProject "TheMealsApp" */ = {
			isa = XCConfigurationList;
			buildConfigurations = (
				2A9D4537292C805F008FABEB /* Debug */,
				2A9D4538292C805F008FABEB /* Release */,
			);
			defaultConfigurationIsVisible = 0;
			defaultConfigurationName = Release;
		};
		2A9D4539292C805F008FABEB /* Build configuration list for PBXNativeTarget "TheMealsApp" */ = {
			isa = XCConfigurationList;
			buildConfigurations = (
				2A9D453A292C805F008FABEB /* Debug */,
				2A9D453B292C805F008FABEB /* Release */,
			);
			defaultConfigurationIsVisible = 0;
			defaultConfigurationName = Release;
		};
/* End XCConfigurationList section */

/* Begin XCRemoteSwiftPackageReference section */
		2A7FBE9929388217007CD8AE /* XCRemoteSwiftPackageReference "realm-swift" */ = {
			isa = XCRemoteSwiftPackageReference;
			repositoryURL = "https://github.com/realm/realm-swift";
			requirement = {
				branch = master;
				kind = branch;
			};
		};
		2A9276AE292CAA7B00C30767 /* XCRemoteSwiftPackageReference "Alamofire" */ = {
			isa = XCRemoteSwiftPackageReference;
			repositoryURL = "https://github.com/Alamofire/Alamofire";
			requirement = {
				kind = upToNextMajorVersion;
				minimumVersion = 5.0.0;
			};
		};
		2AC9639D292CB8270061B65A /* XCRemoteSwiftPackageReference "swiftui-cached-async-image" */ = {
			isa = XCRemoteSwiftPackageReference;
			repositoryURL = "https://github.com/lorenzofiamingo/swiftui-cached-async-image";
			requirement = {
				kind = upToNextMajorVersion;
				minimumVersion = 2.0.0;
			};
		};
/* End XCRemoteSwiftPackageReference section */

/* Begin XCSwiftPackageProductDependency section */
		2A2E30992938B78600920021 /* Category */ = {
			isa = XCSwiftPackageProductDependency;
			productName = Category;
		};
		2A2E309B2938B78600920021 /* Core */ = {
			isa = XCSwiftPackageProductDependency;
			productName = Core;
		};
		2A7FBE9A29388217007CD8AE /* Realm */ = {
			isa = XCSwiftPackageProductDependency;
			package = 2A7FBE9929388217007CD8AE /* XCRemoteSwiftPackageReference "realm-swift" */;
			productName = Realm;
		};
		2A7FBE9C29388217007CD8AE /* RealmSwift */ = {
			isa = XCSwiftPackageProductDependency;
			package = 2A7FBE9929388217007CD8AE /* XCRemoteSwiftPackageReference "realm-swift" */;
			productName = RealmSwift;
		};
		2A9276AF292CAA7B00C30767 /* Alamofire */ = {
			isa = XCSwiftPackageProductDependency;
			package = 2A9276AE292CAA7B00C30767 /* XCRemoteSwiftPackageReference "Alamofire" */;
			productName = Alamofire;
		};
		2AC9639E292CB8270061B65A /* CachedAsyncImage */ = {
			isa = XCSwiftPackageProductDependency;
			package = 2AC9639D292CB8270061B65A /* XCRemoteSwiftPackageReference "swiftui-cached-async-image" */;
			productName = CachedAsyncImage;
		};
/* End XCSwiftPackageProductDependency section */
	};
	rootObject = 2A9D4523292C805D008FABEB /* Project object */;
}
